
Microsoft Visual Studio Solution File, Format Version 12.00
# Visual Studio Version 17
VisualStudioVersion = 17.12.35527.113 d17.12
MinimumVisualStudioVersion = 10.0.40219.1
Project("{FAE04EC0-301F-11D3-BF4B-00C04F79EFBC}") = "CodingTracker.joshluca98", "CodingTracker.joshluca98.csproj", "{C6AD8143-68FD-49DA-98E9-6AE9415DDB1B}"
EndProject
Global
	GlobalSection(SolutionConfigurationPlatforms) = preSolution
		Debug|Any CPU = Debug|Any CPU
		Release|Any CPU = Release|Any CPU
	EndGlobalSection
	GlobalSection(ProjectConfigurationPlatforms) = postSolution
		{C6AD8143-68FD-49DA-98E9-6AE9415DDB1B}.Debug|Any CPU.ActiveCfg = Debug|Any CPU
		{C6AD8143-68FD-49DA-98E9-6AE9415DDB1B}.Debug|Any CPU.Build.0 = Debug|Any CPU
		{C6AD8143-68FD-49DA-98E9-6AE9415DDB1B}.Release|Any CPU.ActiveCfg = Release|Any CPU
		{C6AD8143-68FD-49DA-98E9-6AE9415DDB1B}.Release|Any CPU.Build.0 = Release|Any CPU
	EndGlobalSection
	GlobalSection(SolutionProperties) = preSolution
		HideSolutionNode = FALSE
	EndGlobalSection
EndGlobal
